
Microsoft Visual Studio Solution File, Format Version 12.00
# Visual Studio Version 17
VisualStudioVersion = 17.14.36429.23 d17.14
MinimumVisualStudioVersion = 10.0.40219.1
Project("{2150E333-8FDC-42A3-9474-1A3956D46DE8}") = "src", "src", "{02EA681E-C7D8-13C7-8484-4AC65E1B71E8}"
EndProject
Project("{2150E333-8FDC-42A3-9474-1A3956D46DE8}") = "tests", "tests", "{FF9C4F28-5B6C-458E-9F64-E30DEF30EC62}"
EndProject
Project("{2150E333-8FDC-42A3-9474-1A3956D46DE8}") = "protos", "protos", "{5EDD4506-0FAF-45C0-9976-18F7F8E7CD89}"
EndProject
Project("{2150E333-8FDC-42A3-9474-1A3956D46DE8}") = "Services", "Services", "{DFA06018-AEC2-4160-B15C-A670ED15892D}"
EndProject
Project("{2150E333-8FDC-42A3-9474-1A3956D46DE8}") = "TransactionService", "TransactionService", "{5AE3E51C-B371-4956-BE85-7518379B9F70}"
EndProject
Project("{FAE04EC0-301F-11D3-BF4B-00C04F79EFBC}") = "TransactionService.Api", "TransactionService.Api\TransactionService.Api.csproj", "{21F770C3-C1B6-487A-A3C9-2E1DB66E137E}"
EndProject
Global
	GlobalSection(SolutionConfigurationPlatforms) = preSolution
		Debug|Any CPU = Debug|Any CPU
		Release|Any CPU = Release|Any CPU
	EndGlobalSection
	GlobalSection(ProjectConfigurationPlatforms) = postSolution
		{21F770C3-C1B6-487A-A3C9-2E1DB66E137E}.Debug|Any CPU.ActiveCfg = Debug|Any CPU
		{21F770C3-C1B6-487A-A3C9-2E1DB66E137E}.Debug|Any CPU.Build.0 = Debug|Any CPU
		{21F770C3-C1B6-487A-A3C9-2E1DB66E137E}.Release|Any CPU.ActiveCfg = Release|Any CPU
		{21F770C3-C1B6-487A-A3C9-2E1DB66E137E}.Release|Any CPU.Build.0 = Release|Any CPU
	EndGlobalSection
	GlobalSection(SolutionProperties) = preSolution
		HideSolutionNode = FALSE
	EndGlobalSection
	GlobalSection(NestedProjects) = preSolution
		{DFA06018-AEC2-4160-B15C-A670ED15892D} = {02EA681E-C7D8-13C7-8484-4AC65E1B71E8}
		{5AE3E51C-B371-4956-BE85-7518379B9F70} = {DFA06018-AEC2-4160-B15C-A670ED15892D}
		{21F770C3-C1B6-487A-A3C9-2E1DB66E137E} = {5AE3E51C-B371-4956-BE85-7518379B9F70}
	EndGlobalSection
	GlobalSection(ExtensibilityGlobals) = postSolution
		SolutionGuid = {F80EB2E6-D2CF-458C-9A31-7675F915869E}
	EndGlobalSection
EndGlobal
