
Microsoft Visual Studio Solution File, Format Version 12.00
# Visual Studio Version 17
VisualStudioVersion = 17.14.36429.23 d17.14
MinimumVisualStudioVersion = 10.0.40219.1
Project("{2150E333-8FDC-42A3-9474-1A3956D46DE8}") = "src", "src", "{02EA681E-C7D8-13C7-8484-4AC65E1B71E8}"
EndProject
Project("{2150E333-8FDC-42A3-9474-1A3956D46DE8}") = "tests", "tests", "{FF9C4F28-5B6C-458E-9F64-E30DEF30EC62}"
EndProject
Project("{2150E333-8FDC-42A3-9474-1A3956D46DE8}") = "protos", "protos", "{5EDD4506-0FAF-45C0-9976-18F7F8E7CD89}"
EndProject
Project("{2150E333-8FDC-42A3-9474-1A3956D46DE8}") = "Services", "Services", "{DFA06018-AEC2-4160-B15C-A670ED15892D}"
EndProject
Project("{2150E333-8FDC-42A3-9474-1A3956D46DE8}") = "TransactionService", "TransactionService", "{5AE3E51C-B371-4956-BE85-7518379B9F70}"
EndProject
Project("{FAE04EC0-301F-11D3-BF4B-00C04F79EFBC}") = "TransactionService.Api", "TransactionService.Api\TransactionService.Api.csproj", "{21F770C3-C1B6-487A-A3C9-2E1DB66E137E}"
EndProject
Project("{FAE04EC0-301F-11D3-BF4B-00C04F79EFBC}") = "TransactionService.Domain", "TransactionService.Domain\TransactionService.Domain.csproj", "{1A03330D-6404-472B-BA5A-4111648C3D67}"
EndProject
Project("{FAE04EC0-301F-11D3-BF4B-00C04F79EFBC}") = "TransactionService.Infrastructure", "TransactionService.Infrastructure\TransactionService.Infrastructure.csproj", "{6F458BBA-6D94-4ABC-9425-CBB102F5AA10}"
EndProject
Project("{FAE04EC0-301F-11D3-BF4B-00C04F79EFBC}") = "TransactionService.Application", "TransactionService.Application\TransactionService.Application.csproj", "{E63521B2-370A-42D5-B5CC-6D543F8F01F2}"
EndProject
Project("{FAE04EC0-301F-11D3-BF4B-00C04F79EFBC}") = "TransactionService.Grpc", "TransactionService.Grpc\TransactionService.Grpc.csproj", "{76AD0F4C-602A-43E3-A5F8-F00418400A80}"
EndProject
Project("{2150E333-8FDC-42A3-9474-1A3956D46DE8}") = "CreditOfferService", "CreditOfferService", "{9E961018-DD8F-4E8F-84B9-406844594B64}"
EndProject
Project("{FAE04EC0-301F-11D3-BF4B-00C04F79EFBC}") = "CreditOfferService.Api", "CreditOfferService.Api\CreditOfferService.Api.csproj", "{1FAC02B9-04A3-493D-9297-596B33D21E09}"
EndProject
Project("{FAE04EC0-301F-11D3-BF4B-00C04F79EFBC}") = "CreditOfferService.Application", "CreditOfferService.Application\CreditOfferService.Application.csproj", "{83261446-25FD-4042-8A95-ABF208D86629}"
EndProject
Project("{FAE04EC0-301F-11D3-BF4B-00C04F79EFBC}") = "CreditOfferService.Domain", "CreditOfferService.Domain\CreditOfferService.Domain.csproj", "{7B31DC6C-5745-4189-8C38-2E26237B2E08}"
EndProject
Project("{FAE04EC0-301F-11D3-BF4B-00C04F79EFBC}") = "CreditOfferService.Infrastructure", "CreditOfferService.Infrastructure\CreditOfferService.Infrastructure.csproj", "{C955CFC4-4351-4ADC-8DE0-3000F3D45F75}"
EndProject
Project("{2150E333-8FDC-42A3-9474-1A3956D46DE8}") = "Shared", "Shared", "{4FB813A4-B8C2-4D30-9961-F280182368BB}"
EndProject
Project("{FAE04EC0-301F-11D3-BF4B-00C04F79EFBC}") = "Shared.Domain", "Shared.Domain\Shared.Domain.csproj", "{95C9F279-6D02-464A-B506-5E4812B30A18}"
EndProject
Project("{FAE04EC0-301F-11D3-BF4B-00C04F79EFBC}") = "Shared.Contracts", "Shared.Contracts\Shared.Contracts.csproj", "{74A5F4F7-B01E-4B08-BF60-EBAFE4793E84}"
EndProject
Project("{FAE04EC0-301F-11D3-BF4B-00C04F79EFBC}") = "Shared.Infrastructure", "Shared.Infrastructure\Shared.Infrastructure.csproj", "{ADB2D59A-ADD6-4228-B7CC-CD4FF97DEB03}"
EndProject
Project("{FAE04EC0-301F-11D3-BF4B-00C04F79EFBC}") = "TransactionService.Tests", "TransactionService.Tests\TransactionService.Tests.csproj", "{3EAB229E-6D97-4196-9102-BC2E85702D05}"
EndProject
Project("{FAE04EC0-301F-11D3-BF4B-00C04F79EFBC}") = "CreditOfferService.Tests", "CreditOfferService.Tests\CreditOfferService.Tests.csproj", "{0CB4991B-6CEA-4C9A-A367-70C7B7679210}"
EndProject
Global
	GlobalSection(SolutionConfigurationPlatforms) = preSolution
		Debug|Any CPU = Debug|Any CPU
		Release|Any CPU = Release|Any CPU
	EndGlobalSection
	GlobalSection(ProjectConfigurationPlatforms) = postSolution
		{21F770C3-C1B6-487A-A3C9-2E1DB66E137E}.Debug|Any CPU.ActiveCfg = Debug|Any CPU
		{21F770C3-C1B6-487A-A3C9-2E1DB66E137E}.Debug|Any CPU.Build.0 = Debug|Any CPU
		{21F770C3-C1B6-487A-A3C9-2E1DB66E137E}.Release|Any CPU.ActiveCfg = Release|Any CPU
		{21F770C3-C1B6-487A-A3C9-2E1DB66E137E}.Release|Any CPU.Build.0 = Release|Any CPU
		{1A03330D-6404-472B-BA5A-4111648C3D67}.Debug|Any CPU.ActiveCfg = Debug|Any CPU
		{1A03330D-6404-472B-BA5A-4111648C3D67}.Debug|Any CPU.Build.0 = Debug|Any CPU
		{1A03330D-6404-472B-BA5A-4111648C3D67}.Release|Any CPU.ActiveCfg = Release|Any CPU
		{1A03330D-6404-472B-BA5A-4111648C3D67}.Release|Any CPU.Build.0 = Release|Any CPU
		{6F458BBA-6D94-4ABC-9425-CBB102F5AA10}.Debug|Any CPU.ActiveCfg = Debug|Any CPU
		{6F458BBA-6D94-4ABC-9425-CBB102F5AA10}.Debug|Any CPU.Build.0 = Debug|Any CPU
		{6F458BBA-6D94-4ABC-9425-CBB102F5AA10}.Release|Any CPU.ActiveCfg = Release|Any CPU
		{6F458BBA-6D94-4ABC-9425-CBB102F5AA10}.Release|Any CPU.Build.0 = Release|Any CPU
		{E63521B2-370A-42D5-B5CC-6D543F8F01F2}.Debug|Any CPU.ActiveCfg = Debug|Any CPU
		{E63521B2-370A-42D5-B5CC-6D543F8F01F2}.Debug|Any CPU.Build.0 = Debug|Any CPU
		{E63521B2-370A-42D5-B5CC-6D543F8F01F2}.Release|Any CPU.ActiveCfg = Release|Any CPU
		{E63521B2-370A-42D5-B5CC-6D543F8F01F2}.Release|Any CPU.Build.0 = Release|Any CPU
		{76AD0F4C-602A-43E3-A5F8-F00418400A80}.Debug|Any CPU.ActiveCfg = Debug|Any CPU
		{76AD0F4C-602A-43E3-A5F8-F00418400A80}.Debug|Any CPU.Build.0 = Debug|Any CPU
		{76AD0F4C-602A-43E3-A5F8-F00418400A80}.Release|Any CPU.ActiveCfg = Release|Any CPU
		{76AD0F4C-602A-43E3-A5F8-F00418400A80}.Release|Any CPU.Build.0 = Release|Any CPU
		{1FAC02B9-04A3-493D-9297-596B33D21E09}.Debug|Any CPU.ActiveCfg = Debug|Any CPU
		{1FAC02B9-04A3-493D-9297-596B33D21E09}.Debug|Any CPU.Build.0 = Debug|Any CPU
		{1FAC02B9-04A3-493D-9297-596B33D21E09}.Release|Any CPU.ActiveCfg = Release|Any CPU
		{1FAC02B9-04A3-493D-9297-596B33D21E09}.Release|Any CPU.Build.0 = Release|Any CPU
		{83261446-25FD-4042-8A95-ABF208D86629}.Debug|Any CPU.ActiveCfg = Debug|Any CPU
		{83261446-25FD-4042-8A95-ABF208D86629}.Debug|Any CPU.Build.0 = Debug|Any CPU
		{83261446-25FD-4042-8A95-ABF208D86629}.Release|Any CPU.ActiveCfg = Release|Any CPU
		{83261446-25FD-4042-8A95-ABF208D86629}.Release|Any CPU.Build.0 = Release|Any CPU
		{7B31DC6C-5745-4189-8C38-2E26237B2E08}.Debug|Any CPU.ActiveCfg = Debug|Any CPU
		{7B31DC6C-5745-4189-8C38-2E26237B2E08}.Debug|Any CPU.Build.0 = Debug|Any CPU
		{7B31DC6C-5745-4189-8C38-2E26237B2E08}.Release|Any CPU.ActiveCfg = Release|Any CPU
		{7B31DC6C-5745-4189-8C38-2E26237B2E08}.Release|Any CPU.Build.0 = Release|Any CPU
		{C955CFC4-4351-4ADC-8DE0-3000F3D45F75}.Debug|Any CPU.ActiveCfg = Debug|Any CPU
		{C955CFC4-4351-4ADC-8DE0-3000F3D45F75}.Debug|Any CPU.Build.0 = Debug|Any CPU
		{C955CFC4-4351-4ADC-8DE0-3000F3D45F75}.Release|Any CPU.ActiveCfg = Release|Any CPU
		{C955CFC4-4351-4ADC-8DE0-3000F3D45F75}.Release|Any CPU.Build.0 = Release|Any CPU
		{95C9F279-6D02-464A-B506-5E4812B30A18}.Debug|Any CPU.ActiveCfg = Debug|Any CPU
		{95C9F279-6D02-464A-B506-5E4812B30A18}.Debug|Any CPU.Build.0 = Debug|Any CPU
		{95C9F279-6D02-464A-B506-5E4812B30A18}.Release|Any CPU.ActiveCfg = Release|Any CPU
		{95C9F279-6D02-464A-B506-5E4812B30A18}.Release|Any CPU.Build.0 = Release|Any CPU
		{74A5F4F7-B01E-4B08-BF60-EBAFE4793E84}.Debug|Any CPU.ActiveCfg = Debug|Any CPU
		{74A5F4F7-B01E-4B08-BF60-EBAFE4793E84}.Debug|Any CPU.Build.0 = Debug|Any CPU
		{74A5F4F7-B01E-4B08-BF60-EBAFE4793E84}.Release|Any CPU.ActiveCfg = Release|Any CPU
		{74A5F4F7-B01E-4B08-BF60-EBAFE4793E84}.Release|Any CPU.Build.0 = Release|Any CPU
		{ADB2D59A-ADD6-4228-B7CC-CD4FF97DEB03}.Debug|Any CPU.ActiveCfg = Debug|Any CPU
		{ADB2D59A-ADD6-4228-B7CC-CD4FF97DEB03}.Debug|Any CPU.Build.0 = Debug|Any CPU
		{ADB2D59A-ADD6-4228-B7CC-CD4FF97DEB03}.Release|Any CPU.ActiveCfg = Release|Any CPU
		{ADB2D59A-ADD6-4228-B7CC-CD4FF97DEB03}.Release|Any CPU.Build.0 = Release|Any CPU
		{3EAB229E-6D97-4196-9102-BC2E85702D05}.Debug|Any CPU.ActiveCfg = Debug|Any CPU
		{3EAB229E-6D97-4196-9102-BC2E85702D05}.Debug|Any CPU.Build.0 = Debug|Any CPU
		{3EAB229E-6D97-4196-9102-BC2E85702D05}.Release|Any CPU.ActiveCfg = Release|Any CPU
		{3EAB229E-6D97-4196-9102-BC2E85702D05}.Release|Any CPU.Build.0 = Release|Any CPU
		{0CB4991B-6CEA-4C9A-A367-70C7B7679210}.Debug|Any CPU.ActiveCfg = Debug|Any CPU
		{0CB4991B-6CEA-4C9A-A367-70C7B7679210}.Debug|Any CPU.Build.0 = Debug|Any CPU
		{0CB4991B-6CEA-4C9A-A367-70C7B7679210}.Release|Any CPU.ActiveCfg = Release|Any CPU
		{0CB4991B-6CEA-4C9A-A367-70C7B7679210}.Release|Any CPU.Build.0 = Release|Any CPU
	EndGlobalSection
	GlobalSection(SolutionProperties) = preSolution
		HideSolutionNode = FALSE
	EndGlobalSection
	GlobalSection(NestedProjects) = preSolution
		{DFA06018-AEC2-4160-B15C-A670ED15892D} = {02EA681E-C7D8-13C7-8484-4AC65E1B71E8}
		{5AE3E51C-B371-4956-BE85-7518379B9F70} = {DFA06018-AEC2-4160-B15C-A670ED15892D}
		{21F770C3-C1B6-487A-A3C9-2E1DB66E137E} = {5AE3E51C-B371-4956-BE85-7518379B9F70}
		{1A03330D-6404-472B-BA5A-4111648C3D67} = {5AE3E51C-B371-4956-BE85-7518379B9F70}
		{6F458BBA-6D94-4ABC-9425-CBB102F5AA10} = {5AE3E51C-B371-4956-BE85-7518379B9F70}
		{E63521B2-370A-42D5-B5CC-6D543F8F01F2} = {5AE3E51C-B371-4956-BE85-7518379B9F70}
		{76AD0F4C-602A-43E3-A5F8-F00418400A80} = {5AE3E51C-B371-4956-BE85-7518379B9F70}
		{9E961018-DD8F-4E8F-84B9-406844594B64} = {DFA06018-AEC2-4160-B15C-A670ED15892D}
		{1FAC02B9-04A3-493D-9297-596B33D21E09} = {9E961018-DD8F-4E8F-84B9-406844594B64}
		{83261446-25FD-4042-8A95-ABF208D86629} = {9E961018-DD8F-4E8F-84B9-406844594B64}
		{7B31DC6C-5745-4189-8C38-2E26237B2E08} = {9E961018-DD8F-4E8F-84B9-406844594B64}
		{C955CFC4-4351-4ADC-8DE0-3000F3D45F75} = {9E961018-DD8F-4E8F-84B9-406844594B64}
		{4FB813A4-B8C2-4D30-9961-F280182368BB} = {02EA681E-C7D8-13C7-8484-4AC65E1B71E8}
		{95C9F279-6D02-464A-B506-5E4812B30A18} = {4FB813A4-B8C2-4D30-9961-F280182368BB}
		{74A5F4F7-B01E-4B08-BF60-EBAFE4793E84} = {4FB813A4-B8C2-4D30-9961-F280182368BB}
		{ADB2D59A-ADD6-4228-B7CC-CD4FF97DEB03} = {4FB813A4-B8C2-4D30-9961-F280182368BB}
		{3EAB229E-6D97-4196-9102-BC2E85702D05} = {FF9C4F28-5B6C-458E-9F64-E30DEF30EC62}
		{0CB4991B-6CEA-4C9A-A367-70C7B7679210} = {FF9C4F28-5B6C-458E-9F64-E30DEF30EC62}
	EndGlobalSection
	GlobalSection(ExtensibilityGlobals) = postSolution
		SolutionGuid = {F80EB2E6-D2CF-458C-9A31-7675F915869E}
	EndGlobalSection
EndGlobal
